
Microsoft Visual Studio Solution File, Format Version 12.00
# Visual Studio Version 17
VisualStudioVersion = 17.1.32414.318
MinimumVisualStudioVersion = 10.0.40219.1
Project("{9A19103F-16F7-4668-BE54-9A1E7A4F7556}") = "pointofsale new", "pointofsale new\pointofsale new.csproj", "{48FC7306-BE07-4903-8216-B4D22238F78C}"
EndProject
Global
	GlobalSection(SolutionConfigurationPlatforms) = preSolution
		Debug|Any CPU = Debug|Any CPU
		Release|Any CPU = Release|Any CPU
	EndGlobalSection
	GlobalSection(ProjectConfigurationPlatforms) = postSolution
		{48FC7306-BE07-4903-8216-B4D22238F78C}.Debug|Any CPU.ActiveCfg = Debug|Any CPU
		{48FC7306-BE07-4903-8216-B4D22238F78C}.Debug|Any CPU.Build.0 = Debug|Any CPU
		{48FC7306-BE07-4903-8216-B4D22238F78C}.Release|Any CPU.ActiveCfg = Release|Any CPU
		{48FC7306-BE07-4903-8216-B4D22238F78C}.Release|Any CPU.Build.0 = Release|Any CPU
	EndGlobalSection
	GlobalSection(SolutionProperties) = preSolution
		HideSolutionNode = FALSE
	EndGlobalSection
	GlobalSection(ExtensibilityGlobals) = postSolution
		SolutionGuid = {7C0C80B2-E0F7-45A0-B62C-66F17F6AF488}
	EndGlobalSection
EndGlobal
